// !$*UTF8*$!
{
	archiveVersion = 1;
	classes = {
	};
	objectVersion = 50;
	objects = {

/* Begin PBXBuildFile section */
		764D17E524E1725B00154988 /* AppDelegate.swift in Sources */ = {isa = PBXBuildFile; fileRef = 764D17E424E1725B00154988 /* AppDelegate.swift */; };
		764D17E724E1725B00154988 /* SceneDelegate.swift in Sources */ = {isa = PBXBuildFile; fileRef = 764D17E624E1725B00154988 /* SceneDelegate.swift */; };
		764D17E924E1725B00154988 /* ViewController.swift in Sources */ = {isa = PBXBuildFile; fileRef = 764D17E824E1725B00154988 /* ViewController.swift */; };
		764D17EC24E1725B00154988 /* Main.storyboard in Resources */ = {isa = PBXBuildFile; fileRef = 764D17EA24E1725B00154988 /* Main.storyboard */; };
		764D17EE24E1725D00154988 /* Assets.xcassets in Resources */ = {isa = PBXBuildFile; fileRef = 764D17ED24E1725D00154988 /* Assets.xcassets */; };
		764D17F124E1725D00154988 /* LaunchScreen.storyboard in Resources */ = {isa = PBXBuildFile; fileRef = 764D17EF24E1725D00154988 /* LaunchScreen.storyboard */; };
		764D17F924E1DA7200154988 /* UIViewController+Extension.swift in Sources */ = {isa = PBXBuildFile; fileRef = 764D17F824E1DA7200154988 /* UIViewController+Extension.swift */; };
/* End PBXBuildFile section */

/* Begin PBXFileReference section */
		764D17E124E1725B00154988 /* Week11Assignment.app */ = {isa = PBXFileReference; explicitFileType = wrapper.application; includeInIndex = 0; path = Week11Assignment.app; sourceTree = BUILT_PRODUCTS_DIR; };
		764D17E424E1725B00154988 /* AppDelegate.swift */ = {isa = PBXFileReference; lastKnownFileType = sourcecode.swift; path = AppDelegate.swift; sourceTree = "<group>"; };
		764D17E624E1725B00154988 /* SceneDelegate.swift */ = {isa = PBXFileReference; lastKnownFileType = sourcecode.swift; path = SceneDelegate.swift; sourceTree = "<group>"; };
		764D17E824E1725B00154988 /* ViewController.swift */ = {isa = PBXFileReference; lastKnownFileType = sourcecode.swift; path = ViewController.swift; sourceTree = "<group>"; };
		764D17EB24E1725B00154988 /* Base */ = {isa = PBXFileReference; lastKnownFileType = file.storyboard; name = Base; path = Base.lproj/Main.storyboard; sourceTree = "<group>"; };
		764D17ED24E1725D00154988 /* Assets.xcassets */ = {isa = PBXFileReference; lastKnownFileType = folder.assetcatalog; path = Assets.xcassets; sourceTree = "<group>"; };
		764D17F024E1725D00154988 /* Base */ = {isa = PBXFileReference; lastKnownFileType = file.storyboard; name = Base; path = Base.lproj/LaunchScreen.storyboard; sourceTree = "<group>"; };
		764D17F224E1725D00154988 /* Info.plist */ = {isa = PBXFileReference; lastKnownFileType = text.plist.xml; path = Info.plist; sourceTree = "<group>"; };
		764D17F824E1DA7200154988 /* UIViewController+Extension.swift */ = {isa = PBXFileReference; lastKnownFileType = sourcecode.swift; path = "UIViewController+Extension.swift"; sourceTree = "<group>"; };
/* End PBXFileReference section */

/* Begin PBXFrameworksBuildPhase section */
		764D17DE24E1725B00154988 /* Frameworks */ = {
			isa = PBXFrameworksBuildPhase;
			buildActionMask = 2147483647;
			files = (
			);
			runOnlyForDeploymentPostprocessing = 0;
		};
/* End PBXFrameworksBuildPhase section */

/* Begin PBXGroup section */
		764D17D824E1725B00154988 = {
			isa = PBXGroup;
			children = (
				764D17E324E1725B00154988 /* Week11Assignment */,
				764D17E224E1725B00154988 /* Products */,
			);
			sourceTree = "<group>";
		};
		764D17E224E1725B00154988 /* Products */ = {
			isa = PBXGroup;
			children = (
				764D17E124E1725B00154988 /* Week11Assignment.app */,
			);
			name = Products;
			sourceTree = "<group>";
		};
		764D17E324E1725B00154988 /* Week11Assignment */ = {
			isa = PBXGroup;
			children = (
				764D17E424E1725B00154988 /* AppDelegate.swift */,
				764D17E624E1725B00154988 /* SceneDelegate.swift */,
				764D17E824E1725B00154988 /* ViewController.swift */,
				764D17EA24E1725B00154988 /* Main.storyboard */,
				764D17ED24E1725D00154988 /* Assets.xcassets */,
				764D17EF24E1725D00154988 /* LaunchScreen.storyboard */,
				764D17F224E1725D00154988 /* Info.plist */,
				764D17F824E1DA7200154988 /* UIViewController+Extension.swift */,
			);
			path = Week11Assignment;
			sourceTree = "<group>";
		};
/* End PBXGroup section */

/* Begin PBXNativeTarget section */
		764D17E024E1725B00154988 /* Week11Assignment */ = {
			isa = PBXNativeTarget;
			buildConfigurationList = 764D17F524E1725D00154988 /* Build configuration list for PBXNativeTarget "Week11Assignment" */;
			buildPhases = (
				764D17DD24E1725B00154988 /* Sources */,
				764D17DE24E1725B00154988 /* Frameworks */,
				764D17DF24E1725B00154988 /* Resources */,
			);
			buildRules = (
			);
			dependencies = (
			);
			name = Week11Assignment;
			productName = Week11Assignment;
			productReference = 764D17E124E1725B00154988 /* Week11Assignment.app */;
			productType = "com.apple.product-type.application";
		};
/* End PBXNativeTarget section */

/* Begin PBXProject section */
		764D17D924E1725B00154988 /* Project object */ = {
			isa = PBXProject;
			attributes = {
				LastSwiftUpdateCheck = 1150;
				LastUpgradeCheck = 1150;
				ORGANIZATIONNAME = "Asif Ahmed Jesi";
				TargetAttributes = {
					764D17E024E1725B00154988 = {
						CreatedOnToolsVersion = 11.5;
					};
				};
			};
			buildConfigurationList = 764D17DC24E1725B00154988 /* Build configuration list for PBXProject "Week11Assignment" */;
			compatibilityVersion = "Xcode 9.3";
			developmentRegion = en;
			hasScannedForEncodings = 0;
			knownRegions = (
				en,
				Base,
			);
			mainGroup = 764D17D824E1725B00154988;
			productRefGroup = 764D17E224E1725B00154988 /* Products */;
			projectDirPath = "";
			projectRoot = "";
			targets = (
				764D17E024E1725B00154988 /* Week11Assignment */,
			);
		};
/* End PBXProject section */

/* Begin PBXResourcesBuildPhase section */
		764D17DF24E1725B00154988 /* Resources */ = {
			isa = PBXResourcesBuildPhase;
			buildActionMask = 2147483647;
			files = (
				764D17F124E1725D00154988 /* LaunchScreen.storyboard in Resources */,
				764D17EE24E1725D00154988 /* Assets.xcassets in Resources */,
				764D17EC24E1725B00154988 /* Main.storyboard in Resources */,
			);
			runOnlyForDeploymentPostprocessing = 0;
		};
/* End PBXResourcesBuildPhase section */

/* Begin PBXSourcesBuildPhase section */
		764D17DD24E1725B00154988 /* Sources */ = {
			isa = PBXSourcesBuildPhase;
			buildActionMask = 2147483647;
			files = (
				764D17F924E1DA7200154988 /* UIViewController+Extension.swift in Sources */,
				764D17E924E1725B00154988 /* ViewController.swift in Sources */,
				764D17E524E1725B00154988 /* AppDelegate.swift in Sources */,
				764D17E724E1725B00154988 /* SceneDelegate.swift in Sources */,
			);
			runOnlyForDeploymentPostprocessing = 0;
		};
/* End PBXSourcesBuildPhase section */

/* Begin PBXVariantGroup section */
		764D17EA24E1725B00154988 /* Main.storyboard */ = {
			isa = PBXVariantGroup;
			children = (
				764D17EB24E1725B00154988 /* Base */,
			);
			name = Main.storyboard;
			sourceTree = "<group>";
		};
		764D17EF24E1725D00154988 /* LaunchScreen.storyboard */ = {
			isa = PBXVariantGroup;
			children = (
				764D17F024E1725D00154988 /* Base */,
			);
			name = LaunchScreen.storyboard;
			sourceTree = "<group>";
		};
/* End PBXVariantGroup section */

/* Begin XCBuildConfiguration section */
		764D17F324E1725D00154988 /* Debug */ = {
			isa = XCBuildConfiguration;
			buildSettings = {
				ALWAYS_SEARCH_USER_PATHS = NO;
				CLANG_ANALYZER_NONNULL = YES;
				CLANG_ANALYZER_NUMBER_OBJECT_CONVERSION = YES_AGGRESSIVE;
				CLANG_CXX_LANGUAGE_STANDARD = "gnu++14";
				CLANG_CXX_LIBRARY = "libc++";
				CLANG_ENABLE_MODULES = YES;
				CLANG_ENABLE_OBJC_ARC = YES;
				CLANG_ENABLE_OBJC_WEAK = YES;
				CLANG_WARN_BLOCK_CAPTURE_AUTORELEASING = YES;
				CLANG_WARN_BOOL_CONVERSION = YES;
				CLANG_WARN_COMMA = YES;
				CLANG_WARN_CONSTANT_CONVERSION = YES;
				CLANG_WARN_DEPRECATED_OBJC_IMPLEMENTATIONS = YES;
				CLANG_WARN_DIRECT_OBJC_ISA_USAGE = YES_ERROR;
				CLANG_WARN_DOCUMENTATION_COMMENTS = YES;
				CLANG_WARN_EMPTY_BODY = YES;
				CLANG_WARN_ENUM_CONVERSION = YES;
				CLANG_WARN_INFINITE_RECURSION = YES;
				CLANG_WARN_INT_CONVERSION = YES;
				CLANG_WARN_NON_LITERAL_NULL_CONVERSION = YES;
				CLANG_WARN_OBJC_IMPLICIT_RETAIN_SELF = YES;
				CLANG_WARN_OBJC_LITERAL_CONVERSION = YES;
				CLANG_WARN_OBJC_ROOT_CLASS = YES_ERROR;
				CLANG_WARN_RANGE_LOOP_ANALYSIS = YES;
				CLANG_WARN_STRICT_PROTOTYPES = YES;
				CLANG_WARN_SUSPICIOUS_MOVE = YES;
				CLANG_WARN_UNGUARDED_AVAILABILITY = YES_AGGRESSIVE;
				CLANG_WARN_UNREACHABLE_CODE = YES;
				CLANG_WARN__DUPLICATE_METHOD_MATCH = YES;
				COPY_PHASE_STRIP = NO;
				DEBUG_INFORMATION_FORMAT = dwarf;
				ENABLE_STRICT_OBJC_MSGSEND = YES;
				ENABLE_TESTABILITY = YES;
				GCC_C_LANGUAGE_STANDARD = gnu11;
				GCC_DYNAMIC_NO_PIC = NO;
				GCC_NO_COMMON_BLOCKS = YES;
				GCC_OPTIMIZATION_LEVEL = 0;
				GCC_PREPROCESSOR_DEFINITIONS = (
					"DEBUG=1",
					"$(inherited)",
				);
				GCC_WARN_64_TO_32_BIT_CONVERSION = YES;
				GCC_WARN_ABOUT_RETURN_TYPE = YES_ERROR;
				GCC_WARN_UNDECLARED_SELECTOR = YES;
				GCC_WARN_UNINITIALIZED_AUTOS = YES_AGGRESSIVE;
				GCC_WARN_UNUSED_FUNCTION = YES;
				GCC_WARN_UNUSED_VARIABLE = YES;
				IPHONEOS_DEPLOYMENT_TARGET = 13.5;
				MTL_ENABLE_DEBUG_INFO = INCLUDE_SOURCE;
				MTL_FAST_MATH = YES;
				ONLY_ACTIVE_ARCH = YES;
				SDKROOT = iphoneos;
				SWIFT_ACTIVE_COMPILATION_CONDITIONS = DEBUG;
				SWIFT_OPTIMIZATION_LEVEL = "-Onone";
			};
			name = Debug;
		};
		764D17F424E1725D00154988 /* Release */ = {
			isa = XCBuildConfiguration;
			buildSettings = {
				ALWAYS_SEARCH_USER_PATHS = NO;
				CLANG_ANALYZER_NONNULL = YES;
				CLANG_ANALYZER_NUMBER_OBJECT_CONVERSION = YES_AGGRESSIVE;
				CLANG_CXX_LANGUAGE_STANDARD = "gnu++14";
				CLANG_CXX_LIBRARY = "libc++";
				CLANG_ENABLE_MODULES = YES;
				CLANG_ENABLE_OBJC_ARC = YES;
				CLANG_ENABLE_OBJC_WEAK = YES;
				CLANG_WARN_BLOCK_CAPTURE_AUTORELEASING = YES;
				CLANG_WARN_BOOL_CONVERSION = YES;
				CLANG_WARN_COMMA = YES;
				CLANG_WARN_CONSTANT_CONVERSION = YES;
				CLANG_WARN_DEPRECATED_OBJC_IMPLEMENTATIONS = YES;
				CLANG_WARN_DIRECT_OBJC_ISA_USAGE = YES_ERROR;
				CLANG_WARN_DOCUMENTATION_COMMENTS = YES;
				CLANG_WARN_EMPTY_BODY = YES;
				CLANG_WARN_ENUM_CONVERSION = YES;
				CLANG_WARN_INFINITE_RECURSION = YES;
				CLANG_WARN_INT_CONVERSION = YES;
				CLANG_WARN_NON_LITERAL_NULL_CONVERSION = YES;
				CLANG_WARN_OBJC_IMPLICIT_RETAIN_SELF = YES;
				CLANG_WARN_OBJC_LITERAL_CONVERSION = YES;
				CLANG_WARN_OBJC_ROOT_CLASS = YES_ERROR;
				CLANG_WARN_RANGE_LOOP_ANALYSIS = YES;
				CLANG_WARN_STRICT_PROTOTYPES = YES;
				CLANG_WARN_SUSPICIOUS_MOVE = YES;
				CLANG_WARN_UNGUARDED_AVAILABILITY = YES_AGGRESSIVE;
				CLANG_WARN_UNREACHABLE_CODE = YES;
				CLANG_WARN__DUPLICATE_METHOD_MATCH = YES;
				COPY_PHASE_STRIP = NO;
				DEBUG_INFORMATION_FORMAT = "dwarf-with-dsym";
				ENABLE_NS_ASSERTIONS = NO;
				ENABLE_STRICT_OBJC_MSGSEND = YES;
				GCC_C_LANGUAGE_STANDARD = gnu11;
				GCC_NO_COMMON_BLOCKS = YES;
				GCC_WARN_64_TO_32_BIT_CONVERSION = YES;
				GCC_WARN_ABOUT_RETURN_TYPE = YES_ERROR;
				GCC_WARN_UNDECLARED_SELECTOR = YES;
				GCC_WARN_UNINITIALIZED_AUTOS = YES_AGGRESSIVE;
				GCC_WARN_UNUSED_FUNCTION = YES;
				GCC_WARN_UNUSED_VARIABLE = YES;
				IPHONEOS_DEPLOYMENT_TARGET = 13.5;
				MTL_ENABLE_DEBUG_INFO = NO;
				MTL_FAST_MATH = YES;
				SDKROOT = iphoneos;
				SWIFT_COMPILATION_MODE = wholemodule;
				SWIFT_OPTIMIZATION_LEVEL = "-O";
				VALIDATE_PRODUCT = YES;
			};
			name = Release;
		};
		764D17F624E1725D00154988 /* Debug */ = {
			isa = XCBuildConfiguration;
			buildSettings = {
				ASSETCATALOG_COMPILER_APPICON_NAME = AppIcon;
				CODE_SIGN_STYLE = Automatic;
				DEVELOPMENT_TEAM = NU3NKTH4XB;
				INFOPLIST_FILE = Week11Assignment/Info.plist;
				LD_RUNPATH_SEARCH_PATHS = (
					"$(inherited)",
					"@executable_path/Frameworks",
				);
				PRODUCT_BUNDLE_IDENTIFIER = "Biman-Bangladesh-Airlines-Limited.Week11Assignment";
				PRODUCT_NAME = "$(TARGET_NAME)";
				SWIFT_VERSION = 5.0;
				TARGETED_DEVICE_FAMILY = "1,2";
			};
			name = Debug;
		};
		764D17F724E1725D00154988 /* Release */ = {
			isa = XCBuildConfiguration;
			buildSettings = {
				ASSETCATALOG_COMPILER_APPICON_NAME = AppIcon;
				CODE_SIGN_STYLE = Automatic;
				DEVELOPMENT_TEAM = NU3NKTH4XB;
				INFOPLIST_FILE = Week11Assignment/Info.plist;
				LD_RUNPATH_SEARCH_PATHS = (
					"$(inherited)",
					"@executable_path/Frameworks",
				);
				PRODUCT_BUNDLE_IDENTIFIER = "Biman-Bangladesh-Airlines-Limited.Week11Assignment";
				PRODUCT_NAME = "$(TARGET_NAME)";
				SWIFT_VERSION = 5.0;
				TARGETED_DEVICE_FAMILY = "1,2";
			};
			name = Release;
		};
/* End XCBuildConfiguration section */

/* Begin XCConfigurationList section */
		764D17DC24E1725B00154988 /* Build configuration list for PBXProject "Week11Assignment" */ = {
			isa = XCConfigurationList;
			buildConfigurations = (
				764D17F324E1725D00154988 /* Debug */,
				764D17F424E1725D00154988 /* Release */,
			);
			defaultConfigurationIsVisible = 0;
			defaultConfigurationName = Release;
		};
		764D17F524E1725D00154988 /* Build configuration list for PBXNativeTarget "Week11Assignment" */ = {
			isa = XCConfigurationList;
			buildConfigurations = (
				764D17F624E1725D00154988 /* Debug */,
				764D17F724E1725D00154988 /* Release */,
			);
			defaultConfigurationIsVisible = 0;
			defaultConfigurationName = Release;
		};
/* End XCConfigurationList section */
	};
	rootObject = 764D17D924E1725B00154988 /* Project object */;
}
